
Microsoft Visual Studio Solution File, Format Version 12.00
# Visual Studio Version 17
VisualStudioVersion = 17.11.35327.3
MinimumVisualStudioVersion = 10.0.40219.1
Project("{FAE04EC0-301F-11D3-BF4B-00C04F79EFBC}") = "attendance", "attendance.csproj", "{245A6724-CA25-4AFA-BB8B-F04A72D4D1A7}"
EndProject
Global
	GlobalSection(SolutionConfigurationPlatforms) = preSolution
		Debug|Any CPU = Debug|Any CPU
		Release|Any CPU = Release|Any CPU
	EndGlobalSection
	GlobalSection(ProjectConfigurationPlatforms) = postSolution
		{245A6724-CA25-4AFA-BB8B-F04A72D4D1A7}.Debug|Any CPU.ActiveCfg = Debug|Any CPU
		{245A6724-CA25-4AFA-BB8B-F04A72D4D1A7}.Debug|Any CPU.Build.0 = Debug|Any CPU
		{245A6724-CA25-4AFA-BB8B-F04A72D4D1A7}.Release|Any CPU.ActiveCfg = Release|Any CPU
		{245A6724-CA25-4AFA-BB8B-F04A72D4D1A7}.Release|Any CPU.Build.0 = Release|Any CPU
	EndGlobalSection
	GlobalSection(SolutionProperties) = preSolution
		HideSolutionNode = FALSE
	EndGlobalSection
	GlobalSection(ExtensibilityGlobals) = postSolution
		SolutionGuid = {E8FFDEBB-D04D-4F50-A4D4-84A6F6A2F8BB}
	EndGlobalSection
EndGlobal
