
Microsoft Visual Studio Solution File, Format Version 12.00
# Visual Studio Version 18
VisualStudioVersion = 18.4.11605.240
MinimumVisualStudioVersion = 10.0.40219.1
Project("{FAE04EC0-301F-11D3-BF4B-00C04F79EFBC}") = "attendance", "attendance.csproj", "{245A6724-CA25-4AFA-BB8B-F04A72D4D1A7}"
EndProject
Project("{FAE04EC0-301F-11D3-BF4B-00C04F79EFBC}") = "AttendanceModels", "..\AttendanceModels\AttendanceModels.csproj", "{9E3B8375-63C2-4067-B21C-374B5F986CE9}"
EndProject
Project("{FAE04EC0-301F-11D3-BF4B-00C04F79EFBC}") = "attendanceDataService", "..\attendanceDataService\attendanceDataService.csproj", "{89EEE4B5-849D-44AB-886C-AE6FE4678F1F}"
EndProject
Project("{FAE04EC0-301F-11D3-BF4B-00C04F79EFBC}") = "attendanceAppService", "..\attendanceAppService\attendanceAppService.csproj", "{592BA689-CADE-4B60-BB8B-17BDF2AF76A9}"
EndProject
Global
	GlobalSection(SolutionConfigurationPlatforms) = preSolution
		Debug|Any CPU = Debug|Any CPU
		Release|Any CPU = Release|Any CPU
	EndGlobalSection
	GlobalSection(ProjectConfigurationPlatforms) = postSolution
		{245A6724-CA25-4AFA-BB8B-F04A72D4D1A7}.Debug|Any CPU.ActiveCfg = Debug|Any CPU
		{245A6724-CA25-4AFA-BB8B-F04A72D4D1A7}.Debug|Any CPU.Build.0 = Debug|Any CPU
		{245A6724-CA25-4AFA-BB8B-F04A72D4D1A7}.Release|Any CPU.ActiveCfg = Release|Any CPU
		{245A6724-CA25-4AFA-BB8B-F04A72D4D1A7}.Release|Any CPU.Build.0 = Release|Any CPU
		{9E3B8375-63C2-4067-B21C-374B5F986CE9}.Debug|Any CPU.ActiveCfg = Debug|Any CPU
		{9E3B8375-63C2-4067-B21C-374B5F986CE9}.Debug|Any CPU.Build.0 = Debug|Any CPU
		{9E3B8375-63C2-4067-B21C-374B5F986CE9}.Release|Any CPU.ActiveCfg = Release|Any CPU
		{9E3B8375-63C2-4067-B21C-374B5F986CE9}.Release|Any CPU.Build.0 = Release|Any CPU
		{89EEE4B5-849D-44AB-886C-AE6FE4678F1F}.Debug|Any CPU.ActiveCfg = Debug|Any CPU
		{89EEE4B5-849D-44AB-886C-AE6FE4678F1F}.Debug|Any CPU.Build.0 = Debug|Any CPU
		{89EEE4B5-849D-44AB-886C-AE6FE4678F1F}.Release|Any CPU.ActiveCfg = Release|Any CPU
		{89EEE4B5-849D-44AB-886C-AE6FE4678F1F}.Release|Any CPU.Build.0 = Release|Any CPU
		{592BA689-CADE-4B60-BB8B-17BDF2AF76A9}.Debug|Any CPU.ActiveCfg = Debug|Any CPU
		{592BA689-CADE-4B60-BB8B-17BDF2AF76A9}.Debug|Any CPU.Build.0 = Debug|Any CPU
		{592BA689-CADE-4B60-BB8B-17BDF2AF76A9}.Release|Any CPU.ActiveCfg = Release|Any CPU
		{592BA689-CADE-4B60-BB8B-17BDF2AF76A9}.Release|Any CPU.Build.0 = Release|Any CPU
	EndGlobalSection
	GlobalSection(SolutionProperties) = preSolution
		HideSolutionNode = FALSE
	EndGlobalSection
	GlobalSection(ExtensibilityGlobals) = postSolution
		SolutionGuid = {E8FFDEBB-D04D-4F50-A4D4-84A6F6A2F8BB}
	EndGlobalSection
EndGlobal
